
Microsoft Visual Studio Solution File, Format Version 12.00
# Visual Studio Version 16
VisualStudioVersion = 16.0.29409.12
MinimumVisualStudioVersion = 10.0.40219.1
Project("{FAE04EC0-301F-11D3-BF4B-00C04F79EFBC}") = "TrendLogProjekt", "TrendLogProjekt\TrendLogProjekt.csproj", "{B8280728-557C-45C7-9DC7-A25153D66C77}"
EndProject
Global
	GlobalSection(SolutionConfigurationPlatforms) = preSolution
		Debug|Any CPU = Debug|Any CPU
		Release|Any CPU = Release|Any CPU
	EndGlobalSection
	GlobalSection(ProjectConfigurationPlatforms) = postSolution
		{B8280728-557C-45C7-9DC7-A25153D66C77}.Debug|Any CPU.ActiveCfg = Debug|Any CPU
		{B8280728-557C-45C7-9DC7-A25153D66C77}.Debug|Any CPU.Build.0 = Debug|Any CPU
		{B8280728-557C-45C7-9DC7-A25153D66C77}.Release|Any CPU.ActiveCfg = Release|Any CPU
		{B8280728-557C-45C7-9DC7-A25153D66C77}.Release|Any CPU.Build.0 = Release|Any CPU
	EndGlobalSection
	GlobalSection(SolutionProperties) = preSolution
		HideSolutionNode = FALSE
	EndGlobalSection
	GlobalSection(ExtensibilityGlobals) = postSolution
		SolutionGuid = {A59AB7D5-8B06-4EFD-B0E3-56895047BA36}
	EndGlobalSection
EndGlobal
